// !$*UTF8*$!
{
	archiveVersion = 1;
	classes = {
	};
	objectVersion = 46;
	objects = {

/* Begin PBXBuildFile section */
		92475EC319F8354900B9FD88 /* CoreVideo.framework in Frameworks */ = {isa = PBXBuildFile; fileRef = 92475EC219F8354900B9FD88 /* CoreVideo.framework */; };
		92475EC519F8355300B9FD88 /* Cocoa.framework in Frameworks */ = {isa = PBXBuildFile; fileRef = 92475EC419F8355300B9FD88 /* Cocoa.framework */; };
		92475EC719F8355D00B9FD88 /* IOKit.framework in Frameworks */ = {isa = PBXBuildFile; fileRef = 92475EC619F8355D00B9FD88 /* IOKit.framework */; };
		92475EC919F8356800B9FD88 /* OpenGL.framework in Frameworks */ = {isa = PBXBuildFile; fileRef = 92475EC819F8356800B9FD88 /* OpenGL.framework */; };
		92BF0CBA19F839E50050B000 /* application.cpp in Sources */ = {isa = PBXBuildFile; fileRef = 92BF0C7E19F839E50050B000 /* application.cpp */; };
		92BF0CBB19F839E50050B000 /* buffer.cpp in Sources */ = {isa = PBXBuildFile; fileRef = 92BF0C8119F839E50050B000 /* buffer.cpp */; };
		92BF0CBC19F839E50050B000 /* configfile.cpp in Sources */ = {isa = PBXBuildFile; fileRef = 92BF0C8419F839E50050B000 /* configfile.cpp */; };
		92BF0CBD19F839E50050B000 /* console.cpp in Sources */ = {isa = PBXBuildFile; fileRef = 92BF0C8619F839E50050B000 /* console.cpp */; };
		92BF0CBE19F839E50050B000 /* filestream.cpp in Sources */ = {isa = PBXBuildFile; fileRef = 92BF0C8919F839E50050B000 /* filestream.cpp */; };
		92BF0CBF19F839E50050B000 /* game.cpp in Sources */ = {isa = PBXBuildFile; fileRef = 92BF0C8C19F839E50050B000 /* game.cpp */; };
		92BF0CC019F839E50050B000 /* gamestate_game.cpp in Sources */ = {isa = PBXBuildFile; fileRef = 92BF0C8E19F839E50050B000 /* gamestate_game.cpp */; };
		92BF0CC119F839E50050B000 /* glfwplatform.cpp in Sources */ = {isa = PBXBuildFile; fileRef = 92BF0C9119F839E50050B000 /* glfwplatform.cpp */; };
		92BF0CC219F839E50050B000 /* image.cpp in Sources */ = {isa = PBXBuildFile; fileRef = 92BF0C9319F839E50050B000 /* image.cpp */; };
		92BF0CC319F839E50050B000 /* imagecodecmanager.cpp in Sources */ = {isa = PBXBuildFile; fileRef = 92BF0C9619F839E50050B000 /* imagecodecmanager.cpp */; };
		92BF0CC419F839E50050B000 /* imagecodecpng.cpp in Sources */ = {isa = PBXBuildFile; fileRef = 92BF0C9819F839E50050B000 /* imagecodecpng.cpp */; };
		92BF0CC519F839E50050B000 /* iostream.cpp in Sources */ = {isa = PBXBuildFile; fileRef = 92BF0C9A19F839E50050B000 /* iostream.cpp */; };
		92BF0CC619F839E50050B000 /* main.cpp in Sources */ = {isa = PBXBuildFile; fileRef = 92BF0C9C19F839E50050B000 /* main.cpp */; };
		92BF0CC719F839E50050B000 /* memorystream.cpp in Sources */ = {isa = PBXBuildFile; fileRef = 92BF0C9D19F839E50050B000 /* memorystream.cpp */; };
		92BF0CC819F839E50050B000 /* resource.cpp in Sources */ = {isa = PBXBuildFile; fileRef = 92BF0C9F19F839E50050B000 /* resource.cpp */; };
		92BF0CC919F839E50050B000 /* resourcemanager.cpp in Sources */ = {isa = PBXBuildFile; fileRef = 92BF0CA119F839E50050B000 /* resourcemanager.cpp */; };
		92BF0CCA19F839E50050B000 /* root.cpp in Sources */ = {isa = PBXBuildFile; fileRef = 92BF0CA319F839E50050B000 /* root.cpp */; };
		92BF0CCB19F839E50050B000 /* rpggame.cpp in Sources */ = {isa = PBXBuildFile; fileRef = 92BF0CA519F839E50050B000 /* rpggame.cpp */; };
		92BF0CCC19F839E50050B000 /* shader.cpp in Sources */ = {isa = PBXBuildFile; fileRef = 92BF0CA719F839E50050B000 /* shader.cpp */; };
		92BF0CCD19F839E50050B000 /* shadermanager.cpp in Sources */ = {isa = PBXBuildFile; fileRef = 92BF0CA919F839E50050B000 /* shadermanager.cpp */; };
		92BF0CCE19F839E50050B000 /* stdafx.cpp in Sources */ = {isa = PBXBuildFile; fileRef = 92BF0CAC19F839E50050B000 /* stdafx.cpp */; };
		92BF0CCF19F839E50050B000 /* stream.cpp in Sources */ = {isa = PBXBuildFile; fileRef = 92BF0CAE19F839E50050B000 /* stream.cpp */; };
		92BF0CD019F839E50050B000 /* streamlistener.cpp in Sources */ = {isa = PBXBuildFile; fileRef = 92BF0CB019F839E50050B000 /* streamlistener.cpp */; };
		92BF0CD119F839E50050B000 /* stringutils.cpp in Sources */ = {isa = PBXBuildFile; fileRef = 92BF0CB219F839E50050B000 /* stringutils.cpp */; };
		92BF0CD219F839E50050B000 /* texture.cpp in Sources */ = {isa = PBXBuildFile; fileRef = 92BF0CB419F839E50050B000 /* texture.cpp */; };
		92BF0CD319F839E50050B000 /* texturemanager.cpp in Sources */ = {isa = PBXBuildFile; fileRef = 92BF0CB619F839E50050B000 /* texturemanager.cpp */; };
		92BF0CD419F839E50050B000 /* timer.cpp in Sources */ = {isa = PBXBuildFile; fileRef = 92BF0CB819F839E50050B000 /* timer.cpp */; };
		92BF0CD619F83A0E0050B000 /* libGLEW.a in Frameworks */ = {isa = PBXBuildFile; fileRef = 92BF0CD519F83A0E0050B000 /* libGLEW.a */; };
		92BF0CD919F83A240050B000 /* libglfw3.a in Frameworks */ = {isa = PBXBuildFile; fileRef = 92BF0CD719F83A240050B000 /* libglfw3.a */; };
		92BF0CDA19F83A240050B000 /* libpng12.a in Frameworks */ = {isa = PBXBuildFile; fileRef = 92BF0CD819F83A240050B000 /* libpng12.a */; };
/* End PBXBuildFile section */

/* Begin PBXCopyFilesBuildPhase section */
		92475E5F19F828F100B9FD88 /* CopyFiles */ = {
			isa = PBXCopyFilesBuildPhase;
			buildActionMask = 2147483647;
			dstPath = /usr/share/man/man1/;
			dstSubfolderSpec = 0;
			files = (
			);
			runOnlyForDeploymentPostprocessing = 1;
		};
/* End PBXCopyFilesBuildPhase section */

/* Begin PBXFileReference section */
		92475E6119F828F100B9FD88 /* AeonEngine */ = {isa = PBXFileReference; explicitFileType = "compiled.mach-o.executable"; includeInIndex = 0; path = AeonEngine; sourceTree = BUILT_PRODUCTS_DIR; };
		92475EC219F8354900B9FD88 /* CoreVideo.framework */ = {isa = PBXFileReference; lastKnownFileType = wrapper.framework; name = CoreVideo.framework; path = System/Library/Frameworks/CoreVideo.framework; sourceTree = SDKROOT; };
		92475EC419F8355300B9FD88 /* Cocoa.framework */ = {isa = PBXFileReference; lastKnownFileType = wrapper.framework; name = Cocoa.framework; path = System/Library/Frameworks/Cocoa.framework; sourceTree = SDKROOT; };
		92475EC619F8355D00B9FD88 /* IOKit.framework */ = {isa = PBXFileReference; lastKnownFileType = wrapper.framework; name = IOKit.framework; path = System/Library/Frameworks/IOKit.framework; sourceTree = SDKROOT; };
		92475EC819F8356800B9FD88 /* OpenGL.framework */ = {isa = PBXFileReference; lastKnownFileType = wrapper.framework; name = OpenGL.framework; path = System/Library/Frameworks/OpenGL.framework; sourceTree = SDKROOT; };
		92BF0C7E19F839E50050B000 /* application.cpp */ = {isa = PBXFileReference; fileEncoding = 4; lastKnownFileType = sourcecode.cpp.cpp; name = application.cpp; path = src/application.cpp; sourceTree = SOURCE_ROOT; };
		92BF0C7F19F839E50050B000 /* application.h */ = {isa = PBXFileReference; fileEncoding = 4; lastKnownFileType = sourcecode.c.h; name = application.h; path = src/application.h; sourceTree = SOURCE_ROOT; };
		92BF0C8019F839E50050B000 /* baseplatform.h */ = {isa = PBXFileReference; fileEncoding = 4; lastKnownFileType = sourcecode.c.h; name = baseplatform.h; path = src/baseplatform.h; sourceTree = SOURCE_ROOT; };
		92BF0C8119F839E50050B000 /* buffer.cpp */ = {isa = PBXFileReference; fileEncoding = 4; lastKnownFileType = sourcecode.cpp.cpp; name = buffer.cpp; path = src/buffer.cpp; sourceTree = SOURCE_ROOT; };
		92BF0C8219F839E50050B000 /* buffer.h */ = {isa = PBXFileReference; fileEncoding = 4; lastKnownFileType = sourcecode.c.h; name = buffer.h; path = src/buffer.h; sourceTree = SOURCE_ROOT; };
		92BF0C8319F839E50050B000 /* buildconfig.h */ = {isa = PBXFileReference; fileEncoding = 4; lastKnownFileType = sourcecode.c.h; name = buildconfig.h; path = src/buildconfig.h; sourceTree = SOURCE_ROOT; };
		92BF0C8419F839E50050B000 /* configfile.cpp */ = {isa = PBXFileReference; fileEncoding = 4; lastKnownFileType = sourcecode.cpp.cpp; name = configfile.cpp; path = src/configfile.cpp; sourceTree = SOURCE_ROOT; };
		92BF0C8519F839E50050B000 /* configfile.h */ = {isa = PBXFileReference; fileEncoding = 4; lastKnownFileType = sourcecode.c.h; name = configfile.h; path = src/configfile.h; sourceTree = SOURCE_ROOT; };
		92BF0C8619F839E50050B000 /* console.cpp */ = {isa = PBXFileReference; fileEncoding = 4; lastKnownFileType = sourcecode.cpp.cpp; name = console.cpp; path = src/console.cpp; sourceTree = SOURCE_ROOT; };
		92BF0C8719F839E50050B000 /* console.h */ = {isa = PBXFileReference; fileEncoding = 4; lastKnownFileType = sourcecode.c.h; name = console.h; path = src/console.h; sourceTree = SOURCE_ROOT; };
		92BF0C8819F839E50050B000 /* consolelistener.h */ = {isa = PBXFileReference; fileEncoding = 4; lastKnownFileType = sourcecode.c.h; name = consolelistener.h; path = src/consolelistener.h; sourceTree = SOURCE_ROOT; };
		92BF0C8919F839E50050B000 /* filestream.cpp */ = {isa = PBXFileReference; fileEncoding = 4; lastKnownFileType = sourcecode.cpp.cpp; name = filestream.cpp; path = src/filestream.cpp; sourceTree = SOURCE_ROOT; };
		92BF0C8A19F839E50050B000 /* filestream.h */ = {isa = PBXFileReference; fileEncoding = 4; lastKnownFileType = sourcecode.c.h; name = filestream.h; path = src/filestream.h; sourceTree = SOURCE_ROOT; };
		92BF0C8B19F839E50050B000 /* framelistener.h */ = {isa = PBXFileReference; fileEncoding = 4; lastKnownFileType = sourcecode.c.h; name = framelistener.h; path = src/framelistener.h; sourceTree = SOURCE_ROOT; };
		92BF0C8C19F839E50050B000 /* game.cpp */ = {isa = PBXFileReference; fileEncoding = 4; lastKnownFileType = sourcecode.cpp.cpp; name = game.cpp; path = src/game.cpp; sourceTree = SOURCE_ROOT; };
		92BF0C8D19F839E50050B000 /* game.h */ = {isa = PBXFileReference; fileEncoding = 4; lastKnownFileType = sourcecode.c.h; name = game.h; path = src/game.h; sourceTree = SOURCE_ROOT; };
		92BF0C8E19F839E50050B000 /* gamestate_game.cpp */ = {isa = PBXFileReference; fileEncoding = 4; lastKnownFileType = sourcecode.cpp.cpp; name = gamestate_game.cpp; path = src/gamestate_game.cpp; sourceTree = SOURCE_ROOT; };
		92BF0C8F19F839E50050B000 /* gamestate_game.h */ = {isa = PBXFileReference; fileEncoding = 4; lastKnownFileType = sourcecode.c.h; name = gamestate_game.h; path = src/gamestate_game.h; sourceTree = SOURCE_ROOT; };
		92BF0C9019F839E50050B000 /* gamestate.h */ = {isa = PBXFileReference; fileEncoding = 4; lastKnownFileType = sourcecode.c.h; name = gamestate.h; path = src/gamestate.h; sourceTree = SOURCE_ROOT; };
		92BF0C9119F839E50050B000 /* glfwplatform.cpp */ = {isa = PBXFileReference; fileEncoding = 4; lastKnownFileType = sourcecode.cpp.cpp; name = glfwplatform.cpp; path = src/glfwplatform.cpp; sourceTree = SOURCE_ROOT; };
		92BF0C9219F839E50050B000 /* glfwplatform.h */ = {isa = PBXFileReference; fileEncoding = 4; lastKnownFileType = sourcecode.c.h; name = glfwplatform.h; path = src/glfwplatform.h; sourceTree = SOURCE_ROOT; };
		92BF0C9319F839E50050B000 /* image.cpp */ = {isa = PBXFileReference; fileEncoding = 4; lastKnownFileType = sourcecode.cpp.cpp; name = image.cpp; path = src/image.cpp; sourceTree = SOURCE_ROOT; };
		92BF0C9419F839E50050B000 /* image.h */ = {isa = PBXFileReference; fileEncoding = 4; lastKnownFileType = sourcecode.c.h; name = image.h; path = src/image.h; sourceTree = SOURCE_ROOT; };
		92BF0C9519F839E50050B000 /* imagecodec.h */ = {isa = PBXFileReference; fileEncoding = 4; lastKnownFileType = sourcecode.c.h; name = imagecodec.h; path = src/imagecodec.h; sourceTree = SOURCE_ROOT; };
		92BF0C9619F839E50050B000 /* imagecodecmanager.cpp */ = {isa = PBXFileReference; fileEncoding = 4; lastKnownFileType = sourcecode.cpp.cpp; name = imagecodecmanager.cpp; path = src/imagecodecmanager.cpp; sourceTree = SOURCE_ROOT; };
		92BF0C9719F839E50050B000 /* imagecodecmanager.h */ = {isa = PBXFileReference; fileEncoding = 4; lastKnownFileType = sourcecode.c.h; name = imagecodecmanager.h; path = src/imagecodecmanager.h; sourceTree = SOURCE_ROOT; };
		92BF0C9819F839E50050B000 /* imagecodecpng.cpp */ = {isa = PBXFileReference; fileEncoding = 4; lastKnownFileType = sourcecode.cpp.cpp; name = imagecodecpng.cpp; path = src/imagecodecpng.cpp; sourceTree = SOURCE_ROOT; };
		92BF0C9919F839E50050B000 /* imagecodecpng.h */ = {isa = PBXFileReference; fileEncoding = 4; lastKnownFileType = sourcecode.c.h; name = imagecodecpng.h; path = src/imagecodecpng.h; sourceTree = SOURCE_ROOT; };
		92BF0C9A19F839E50050B000 /* iostream.cpp */ = {isa = PBXFileReference; fileEncoding = 4; lastKnownFileType = sourcecode.cpp.cpp; name = iostream.cpp; path = src/iostream.cpp; sourceTree = SOURCE_ROOT; };
		92BF0C9B19F839E50050B000 /* iostream.h */ = {isa = PBXFileReference; fileEncoding = 4; lastKnownFileType = sourcecode.c.h; name = iostream.h; path = src/iostream.h; sourceTree = SOURCE_ROOT; };
		92BF0C9C19F839E50050B000 /* main.cpp */ = {isa = PBXFileReference; fileEncoding = 4; lastKnownFileType = sourcecode.cpp.cpp; name = main.cpp; path = src/main.cpp; sourceTree = SOURCE_ROOT; };
		92BF0C9D19F839E50050B000 /* memorystream.cpp */ = {isa = PBXFileReference; fileEncoding = 4; lastKnownFileType = sourcecode.cpp.cpp; name = memorystream.cpp; path = src/memorystream.cpp; sourceTree = SOURCE_ROOT; };
		92BF0C9E19F839E50050B000 /* memorystream.h */ = {isa = PBXFileReference; fileEncoding = 4; lastKnownFileType = sourcecode.c.h; name = memorystream.h; path = src/memorystream.h; sourceTree = SOURCE_ROOT; };
		92BF0C9F19F839E50050B000 /* resource.cpp */ = {isa = PBXFileReference; fileEncoding = 4; lastKnownFileType = sourcecode.cpp.cpp; name = resource.cpp; path = src/resource.cpp; sourceTree = SOURCE_ROOT; };
		92BF0CA019F839E50050B000 /* resource.h */ = {isa = PBXFileReference; fileEncoding = 4; lastKnownFileType = sourcecode.c.h; name = resource.h; path = src/resource.h; sourceTree = SOURCE_ROOT; };
		92BF0CA119F839E50050B000 /* resourcemanager.cpp */ = {isa = PBXFileReference; fileEncoding = 4; lastKnownFileType = sourcecode.cpp.cpp; name = resourcemanager.cpp; path = src/resourcemanager.cpp; sourceTree = SOURCE_ROOT; };
		92BF0CA219F839E50050B000 /* resourcemanager.h */ = {isa = PBXFileReference; fileEncoding = 4; lastKnownFileType = sourcecode.c.h; name = resourcemanager.h; path = src/resourcemanager.h; sourceTree = SOURCE_ROOT; };
		92BF0CA319F839E50050B000 /* root.cpp */ = {isa = PBXFileReference; fileEncoding = 4; lastKnownFileType = sourcecode.cpp.cpp; name = root.cpp; path = src/root.cpp; sourceTree = SOURCE_ROOT; };
		92BF0CA419F839E50050B000 /* root.h */ = {isa = PBXFileReference; fileEncoding = 4; lastKnownFileType = sourcecode.c.h; name = root.h; path = src/root.h; sourceTree = SOURCE_ROOT; };
		92BF0CA519F839E50050B000 /* rpggame.cpp */ = {isa = PBXFileReference; fileEncoding = 4; lastKnownFileType = sourcecode.cpp.cpp; name = rpggame.cpp; path = src/rpggame.cpp; sourceTree = SOURCE_ROOT; };
		92BF0CA619F839E50050B000 /* rpggame.h */ = {isa = PBXFileReference; fileEncoding = 4; lastKnownFileType = sourcecode.c.h; name = rpggame.h; path = src/rpggame.h; sourceTree = SOURCE_ROOT; };
		92BF0CA719F839E50050B000 /* shader.cpp */ = {isa = PBXFileReference; fileEncoding = 4; lastKnownFileType = sourcecode.cpp.cpp; name = shader.cpp; path = src/shader.cpp; sourceTree = SOURCE_ROOT; };
		92BF0CA819F839E50050B000 /* shader.h */ = {isa = PBXFileReference; fileEncoding = 4; lastKnownFileType = sourcecode.c.h; name = shader.h; path = src/shader.h; sourceTree = SOURCE_ROOT; };
		92BF0CA919F839E50050B000 /* shadermanager.cpp */ = {isa = PBXFileReference; fileEncoding = 4; lastKnownFileType = sourcecode.cpp.cpp; name = shadermanager.cpp; path = src/shadermanager.cpp; sourceTree = SOURCE_ROOT; };
		92BF0CAA19F839E50050B000 /* shadermanager.h */ = {isa = PBXFileReference; fileEncoding = 4; lastKnownFileType = sourcecode.c.h; name = shadermanager.h; path = src/shadermanager.h; sourceTree = SOURCE_ROOT; };
		92BF0CAB19F839E50050B000 /* singleton.h */ = {isa = PBXFileReference; fileEncoding = 4; lastKnownFileType = sourcecode.c.h; name = singleton.h; path = src/singleton.h; sourceTree = SOURCE_ROOT; };
		92BF0CAC19F839E50050B000 /* stdafx.cpp */ = {isa = PBXFileReference; fileEncoding = 4; lastKnownFileType = sourcecode.cpp.cpp; name = stdafx.cpp; path = src/stdafx.cpp; sourceTree = SOURCE_ROOT; };
		92BF0CAD19F839E50050B000 /* stdafx.h */ = {isa = PBXFileReference; fileEncoding = 4; lastKnownFileType = sourcecode.c.h; name = stdafx.h; path = src/stdafx.h; sourceTree = SOURCE_ROOT; };
		92BF0CAE19F839E50050B000 /* stream.cpp */ = {isa = PBXFileReference; fileEncoding = 4; lastKnownFileType = sourcecode.cpp.cpp; name = stream.cpp; path = src/stream.cpp; sourceTree = SOURCE_ROOT; };
		92BF0CAF19F839E50050B000 /* stream.h */ = {isa = PBXFileReference; fileEncoding = 4; lastKnownFileType = sourcecode.c.h; name = stream.h; path = src/stream.h; sourceTree = SOURCE_ROOT; };
		92BF0CB019F839E50050B000 /* streamlistener.cpp */ = {isa = PBXFileReference; fileEncoding = 4; lastKnownFileType = sourcecode.cpp.cpp; name = streamlistener.cpp; path = src/streamlistener.cpp; sourceTree = SOURCE_ROOT; };
		92BF0CB119F839E50050B000 /* streamlistener.h */ = {isa = PBXFileReference; fileEncoding = 4; lastKnownFileType = sourcecode.c.h; name = streamlistener.h; path = src/streamlistener.h; sourceTree = SOURCE_ROOT; };
		92BF0CB219F839E50050B000 /* stringutils.cpp */ = {isa = PBXFileReference; fileEncoding = 4; lastKnownFileType = sourcecode.cpp.cpp; name = stringutils.cpp; path = src/stringutils.cpp; sourceTree = SOURCE_ROOT; };
		92BF0CB319F839E50050B000 /* stringutils.h */ = {isa = PBXFileReference; fileEncoding = 4; lastKnownFileType = sourcecode.c.h; name = stringutils.h; path = src/stringutils.h; sourceTree = SOURCE_ROOT; };
		92BF0CB419F839E50050B000 /* texture.cpp */ = {isa = PBXFileReference; fileEncoding = 4; lastKnownFileType = sourcecode.cpp.cpp; name = texture.cpp; path = src/texture.cpp; sourceTree = SOURCE_ROOT; };
		92BF0CB519F839E50050B000 /* texture.h */ = {isa = PBXFileReference; fileEncoding = 4; lastKnownFileType = sourcecode.c.h; name = texture.h; path = src/texture.h; sourceTree = SOURCE_ROOT; };
		92BF0CB619F839E50050B000 /* texturemanager.cpp */ = {isa = PBXFileReference; fileEncoding = 4; lastKnownFileType = sourcecode.cpp.cpp; name = texturemanager.cpp; path = src/texturemanager.cpp; sourceTree = SOURCE_ROOT; };
		92BF0CB719F839E50050B000 /* texturemanager.h */ = {isa = PBXFileReference; fileEncoding = 4; lastKnownFileType = sourcecode.c.h; name = texturemanager.h; path = src/texturemanager.h; sourceTree = SOURCE_ROOT; };
		92BF0CB819F839E50050B000 /* timer.cpp */ = {isa = PBXFileReference; fileEncoding = 4; lastKnownFileType = sourcecode.cpp.cpp; name = timer.cpp; path = src/timer.cpp; sourceTree = SOURCE_ROOT; };
		92BF0CB919F839E50050B000 /* timer.h */ = {isa = PBXFileReference; fileEncoding = 4; lastKnownFileType = sourcecode.c.h; name = timer.h; path = src/timer.h; sourceTree = SOURCE_ROOT; };
		92BF0CD519F83A0E0050B000 /* libGLEW.a */ = {isa = PBXFileReference; lastKnownFileType = archive.ar; name = libGLEW.a; path = ../Libraries/lib/libGLEW.a; sourceTree = "<group>"; };
		92BF0CD719F83A240050B000 /* libglfw3.a */ = {isa = PBXFileReference; lastKnownFileType = archive.ar; name = libglfw3.a; path = ../Libraries/lib/libglfw3.a; sourceTree = "<group>"; };
		92BF0CD819F83A240050B000 /* libpng12.a */ = {isa = PBXFileReference; lastKnownFileType = archive.ar; name = libpng12.a; path = ../Libraries/lib/libpng12.a; sourceTree = "<group>"; };
/* End PBXFileReference section */

/* Begin PBXFrameworksBuildPhase section */
		92475E5E19F828F100B9FD88 /* Frameworks */ = {
			isa = PBXFrameworksBuildPhase;
			buildActionMask = 2147483647;
			files = (
				92BF0CDA19F83A240050B000 /* libpng12.a in Frameworks */,
				92BF0CD619F83A0E0050B000 /* libGLEW.a in Frameworks */,
				92475EC919F8356800B9FD88 /* OpenGL.framework in Frameworks */,
				92475EC719F8355D00B9FD88 /* IOKit.framework in Frameworks */,
				92475EC519F8355300B9FD88 /* Cocoa.framework in Frameworks */,
				92475EC319F8354900B9FD88 /* CoreVideo.framework in Frameworks */,
				92BF0CD919F83A240050B000 /* libglfw3.a in Frameworks */,
			);
			runOnlyForDeploymentPostprocessing = 0;
		};
/* End PBXFrameworksBuildPhase section */

/* Begin PBXGroup section */
		92475E5819F828F100B9FD88 = {
			isa = PBXGroup;
			children = (
				92BF0CD719F83A240050B000 /* libglfw3.a */,
				92BF0CD819F83A240050B000 /* libpng12.a */,
				92BF0CD519F83A0E0050B000 /* libGLEW.a */,
				92475EC819F8356800B9FD88 /* OpenGL.framework */,
				92475EC619F8355D00B9FD88 /* IOKit.framework */,
				92475EC419F8355300B9FD88 /* Cocoa.framework */,
				92475EC219F8354900B9FD88 /* CoreVideo.framework */,
				92475E6319F828F100B9FD88 /* AeonEngine */,
				92475E6219F828F100B9FD88 /* Products */,
			);
			sourceTree = "<group>";
		};
		92475E6219F828F100B9FD88 /* Products */ = {
			isa = PBXGroup;
			children = (
				92475E6119F828F100B9FD88 /* AeonEngine */,
			);
			name = Products;
			sourceTree = "<group>";
		};
		92475E6319F828F100B9FD88 /* AeonEngine */ = {
			isa = PBXGroup;
			children = (
				92BF0C7E19F839E50050B000 /* application.cpp */,
				92BF0C7F19F839E50050B000 /* application.h */,
				92BF0C8019F839E50050B000 /* baseplatform.h */,
				92BF0C8119F839E50050B000 /* buffer.cpp */,
				92BF0C8219F839E50050B000 /* buffer.h */,
				92BF0C8319F839E50050B000 /* buildconfig.h */,
				92BF0C8419F839E50050B000 /* configfile.cpp */,
				92BF0C8519F839E50050B000 /* configfile.h */,
				92BF0C8619F839E50050B000 /* console.cpp */,
				92BF0C8719F839E50050B000 /* console.h */,
				92BF0C8819F839E50050B000 /* consolelistener.h */,
				92BF0C8919F839E50050B000 /* filestream.cpp */,
				92BF0C8A19F839E50050B000 /* filestream.h */,
				92BF0C8B19F839E50050B000 /* framelistener.h */,
				92BF0C8C19F839E50050B000 /* game.cpp */,
				92BF0C8D19F839E50050B000 /* game.h */,
				92BF0C8E19F839E50050B000 /* gamestate_game.cpp */,
				92BF0C8F19F839E50050B000 /* gamestate_game.h */,
				92BF0C9019F839E50050B000 /* gamestate.h */,
				92BF0C9119F839E50050B000 /* glfwplatform.cpp */,
				92BF0C9219F839E50050B000 /* glfwplatform.h */,
				92BF0C9319F839E50050B000 /* image.cpp */,
				92BF0C9419F839E50050B000 /* image.h */,
				92BF0C9519F839E50050B000 /* imagecodec.h */,
				92BF0C9619F839E50050B000 /* imagecodecmanager.cpp */,
				92BF0C9719F839E50050B000 /* imagecodecmanager.h */,
				92BF0C9819F839E50050B000 /* imagecodecpng.cpp */,
				92BF0C9919F839E50050B000 /* imagecodecpng.h */,
				92BF0C9A19F839E50050B000 /* iostream.cpp */,
				92BF0C9B19F839E50050B000 /* iostream.h */,
				92BF0C9C19F839E50050B000 /* main.cpp */,
				92BF0C9D19F839E50050B000 /* memorystream.cpp */,
				92BF0C9E19F839E50050B000 /* memorystream.h */,
				92BF0C9F19F839E50050B000 /* resource.cpp */,
				92BF0CA019F839E50050B000 /* resource.h */,
				92BF0CA119F839E50050B000 /* resourcemanager.cpp */,
				92BF0CA219F839E50050B000 /* resourcemanager.h */,
				92BF0CA319F839E50050B000 /* root.cpp */,
				92BF0CA419F839E50050B000 /* root.h */,
				92BF0CA519F839E50050B000 /* rpggame.cpp */,
				92BF0CA619F839E50050B000 /* rpggame.h */,
				92BF0CA719F839E50050B000 /* shader.cpp */,
				92BF0CA819F839E50050B000 /* shader.h */,
				92BF0CA919F839E50050B000 /* shadermanager.cpp */,
				92BF0CAA19F839E50050B000 /* shadermanager.h */,
				92BF0CAB19F839E50050B000 /* singleton.h */,
				92BF0CAC19F839E50050B000 /* stdafx.cpp */,
				92BF0CAD19F839E50050B000 /* stdafx.h */,
				92BF0CAE19F839E50050B000 /* stream.cpp */,
				92BF0CAF19F839E50050B000 /* stream.h */,
				92BF0CB019F839E50050B000 /* streamlistener.cpp */,
				92BF0CB119F839E50050B000 /* streamlistener.h */,
				92BF0CB219F839E50050B000 /* stringutils.cpp */,
				92BF0CB319F839E50050B000 /* stringutils.h */,
				92BF0CB419F839E50050B000 /* texture.cpp */,
				92BF0CB519F839E50050B000 /* texture.h */,
				92BF0CB619F839E50050B000 /* texturemanager.cpp */,
				92BF0CB719F839E50050B000 /* texturemanager.h */,
				92BF0CB819F839E50050B000 /* timer.cpp */,
				92BF0CB919F839E50050B000 /* timer.h */,
			);
			path = AeonEngine;
			sourceTree = SOURCE_ROOT;
		};
/* End PBXGroup section */

/* Begin PBXNativeTarget section */
		92475E6019F828F100B9FD88 /* AeonEngine */ = {
			isa = PBXNativeTarget;
			buildConfigurationList = 92475E6819F828F100B9FD88 /* Build configuration list for PBXNativeTarget "AeonEngine" */;
			buildPhases = (
				92475E5D19F828F100B9FD88 /* Sources */,
				92475E5E19F828F100B9FD88 /* Frameworks */,
				92475E5F19F828F100B9FD88 /* CopyFiles */,
			);
			buildRules = (
			);
			dependencies = (
			);
			name = AeonEngine;
			productName = AeonEngine;
			productReference = 92475E6119F828F100B9FD88 /* AeonEngine */;
			productType = "com.apple.product-type.tool";
		};
/* End PBXNativeTarget section */

/* Begin PBXProject section */
		92475E5919F828F100B9FD88 /* Project object */ = {
			isa = PBXProject;
			attributes = {
				LastUpgradeCheck = 0610;
				ORGANIZATIONNAME = "Robin Degen";
				TargetAttributes = {
					92475E6019F828F100B9FD88 = {
						CreatedOnToolsVersion = 6.1;
					};
				};
			};
			buildConfigurationList = 92475E5C19F828F100B9FD88 /* Build configuration list for PBXProject "AeonEngine" */;
			compatibilityVersion = "Xcode 3.2";
			developmentRegion = English;
			hasScannedForEncodings = 0;
			knownRegions = (
				en,
			);
			mainGroup = 92475E5819F828F100B9FD88;
			productRefGroup = 92475E6219F828F100B9FD88 /* Products */;
			projectDirPath = "";
			projectRoot = "";
			targets = (
				92475E6019F828F100B9FD88 /* AeonEngine */,
			);
		};
/* End PBXProject section */

/* Begin PBXSourcesBuildPhase section */
		92475E5D19F828F100B9FD88 /* Sources */ = {
			isa = PBXSourcesBuildPhase;
			buildActionMask = 2147483647;
			files = (
				92BF0CC319F839E50050B000 /* imagecodecmanager.cpp in Sources */,
				92BF0CCC19F839E50050B000 /* shader.cpp in Sources */,
				92BF0CCB19F839E50050B000 /* rpggame.cpp in Sources */,
				92BF0CC519F839E50050B000 /* iostream.cpp in Sources */,
				92BF0CD219F839E50050B000 /* texture.cpp in Sources */,
				92BF0CBA19F839E50050B000 /* application.cpp in Sources */,
				92BF0CBB19F839E50050B000 /* buffer.cpp in Sources */,
				92BF0CD319F839E50050B000 /* texturemanager.cpp in Sources */,
				92BF0CD419F839E50050B000 /* timer.cpp in Sources */,
				92BF0CC719F839E50050B000 /* memorystream.cpp in Sources */,
				92BF0CC419F839E50050B000 /* imagecodecpng.cpp in Sources */,
				92BF0CCD19F839E50050B000 /* shadermanager.cpp in Sources */,
				92BF0CCF19F839E50050B000 /* stream.cpp in Sources */,
				92BF0CBC19F839E50050B000 /* configfile.cpp in Sources */,
				92BF0CC919F839E50050B000 /* resourcemanager.cpp in Sources */,
				92BF0CCA19F839E50050B000 /* root.cpp in Sources */,
				92BF0CD019F839E50050B000 /* streamlistener.cpp in Sources */,
				92BF0CCE19F839E50050B000 /* stdafx.cpp in Sources */,
				92BF0CBE19F839E50050B000 /* filestream.cpp in Sources */,
				92BF0CD119F839E50050B000 /* stringutils.cpp in Sources */,
				92BF0CBD19F839E50050B000 /* console.cpp in Sources */,
				92BF0CC019F839E50050B000 /* gamestate_game.cpp in Sources */,
				92BF0CC119F839E50050B000 /* glfwplatform.cpp in Sources */,
				92BF0CC819F839E50050B000 /* resource.cpp in Sources */,
				92BF0CC619F839E50050B000 /* main.cpp in Sources */,
				92BF0CBF19F839E50050B000 /* game.cpp in Sources */,
				92BF0CC219F839E50050B000 /* image.cpp in Sources */,
			);
			runOnlyForDeploymentPostprocessing = 0;
		};
/* End PBXSourcesBuildPhase section */

/* Begin XCBuildConfiguration section */
		92475E6619F828F100B9FD88 /* Debug */ = {
			isa = XCBuildConfiguration;
			buildSettings = {
				ALWAYS_SEARCH_USER_PATHS = NO;
				CLANG_CXX_LANGUAGE_STANDARD = "gnu++0x";
				CLANG_CXX_LIBRARY = "libc++";
				CLANG_ENABLE_MODULES = YES;
				CLANG_ENABLE_OBJC_ARC = YES;
				CLANG_WARN_BOOL_CONVERSION = YES;
				CLANG_WARN_CONSTANT_CONVERSION = YES;
				CLANG_WARN_DIRECT_OBJC_ISA_USAGE = YES_ERROR;
				CLANG_WARN_EMPTY_BODY = YES;
				CLANG_WARN_ENUM_CONVERSION = YES;
				CLANG_WARN_INT_CONVERSION = YES;
				CLANG_WARN_OBJC_ROOT_CLASS = YES_ERROR;
				CLANG_WARN_UNREACHABLE_CODE = YES;
				CLANG_WARN__DUPLICATE_METHOD_MATCH = YES;
				COPY_PHASE_STRIP = NO;
				ENABLE_STRICT_OBJC_MSGSEND = YES;
				GCC_C_LANGUAGE_STANDARD = gnu99;
				GCC_DYNAMIC_NO_PIC = NO;
				GCC_OPTIMIZATION_LEVEL = 0;
				GCC_PREPROCESSOR_DEFINITIONS = (
					"DEBUG=1",
					"$(inherited)",
				);
				GCC_SYMBOLS_PRIVATE_EXTERN = NO;
				GCC_WARN_64_TO_32_BIT_CONVERSION = YES;
				GCC_WARN_ABOUT_RETURN_TYPE = YES_ERROR;
				GCC_WARN_UNDECLARED_SELECTOR = YES;
				GCC_WARN_UNINITIALIZED_AUTOS = YES_AGGRESSIVE;
				GCC_WARN_UNUSED_FUNCTION = YES;
				GCC_WARN_UNUSED_VARIABLE = YES;
				MACOSX_DEPLOYMENT_TARGET = 10.10;
				MTL_ENABLE_DEBUG_INFO = YES;
				ONLY_ACTIVE_ARCH = YES;
				SDKROOT = macosx;
			};
			name = Debug;
		};
		92475E6719F828F100B9FD88 /* Release */ = {
			isa = XCBuildConfiguration;
			buildSettings = {
				ALWAYS_SEARCH_USER_PATHS = NO;
				CLANG_CXX_LANGUAGE_STANDARD = "gnu++0x";
				CLANG_CXX_LIBRARY = "libc++";
				CLANG_ENABLE_MODULES = YES;
				CLANG_ENABLE_OBJC_ARC = YES;
				CLANG_WARN_BOOL_CONVERSION = YES;
				CLANG_WARN_CONSTANT_CONVERSION = YES;
				CLANG_WARN_DIRECT_OBJC_ISA_USAGE = YES_ERROR;
				CLANG_WARN_EMPTY_BODY = YES;
				CLANG_WARN_ENUM_CONVERSION = YES;
				CLANG_WARN_INT_CONVERSION = YES;
				CLANG_WARN_OBJC_ROOT_CLASS = YES_ERROR;
				CLANG_WARN_UNREACHABLE_CODE = YES;
				CLANG_WARN__DUPLICATE_METHOD_MATCH = YES;
				COPY_PHASE_STRIP = YES;
				DEBUG_INFORMATION_FORMAT = "dwarf-with-dsym";
				ENABLE_NS_ASSERTIONS = NO;
				ENABLE_STRICT_OBJC_MSGSEND = YES;
				GCC_C_LANGUAGE_STANDARD = gnu99;
				GCC_WARN_64_TO_32_BIT_CONVERSION = YES;
				GCC_WARN_ABOUT_RETURN_TYPE = YES_ERROR;
				GCC_WARN_UNDECLARED_SELECTOR = YES;
				GCC_WARN_UNINITIALIZED_AUTOS = YES_AGGRESSIVE;
				GCC_WARN_UNUSED_FUNCTION = YES;
				GCC_WARN_UNUSED_VARIABLE = YES;
				MACOSX_DEPLOYMENT_TARGET = 10.10;
				MTL_ENABLE_DEBUG_INFO = NO;
				SDKROOT = macosx;
			};
			name = Release;
		};
		92475E6919F828F100B9FD88 /* Debug */ = {
			isa = XCBuildConfiguration;
			buildSettings = {
				"HEADER_SEARCH_PATHS[arch=*]" = (
					"$(inherited)",
					/Applications/Xcode.app/Contents/Developer/Toolchains/XcodeDefault.xctoolchain/usr/include,
					/Users/robindegen/Development/Libraries/include/,
				);
				LIBRARY_SEARCH_PATHS = (
					"$(inherited)",
					/Users/robindegen/Development/Libraries/lib,
				);
				"LIBRARY_SEARCH_PATHS[arch=*]" = /Users/robindegen/Development/Libraries/lib/;
				PRODUCT_NAME = "$(TARGET_NAME)";
			};
			name = Debug;
		};
		92475E6A19F828F100B9FD88 /* Release */ = {
			isa = XCBuildConfiguration;
			buildSettings = {
				LIBRARY_SEARCH_PATHS = (
					"$(inherited)",
					/Users/robindegen/Development/Libraries/lib,
				);
				PRODUCT_NAME = "$(TARGET_NAME)";
			};
			name = Release;
		};
/* End XCBuildConfiguration section */

/* Begin XCConfigurationList section */
		92475E5C19F828F100B9FD88 /* Build configuration list for PBXProject "AeonEngine" */ = {
			isa = XCConfigurationList;
			buildConfigurations = (
				92475E6619F828F100B9FD88 /* Debug */,
				92475E6719F828F100B9FD88 /* Release */,
			);
			defaultConfigurationIsVisible = 0;
			defaultConfigurationName = Release;
		};
		92475E6819F828F100B9FD88 /* Build configuration list for PBXNativeTarget "AeonEngine" */ = {
			isa = XCConfigurationList;
			buildConfigurations = (
				92475E6919F828F100B9FD88 /* Debug */,
				92475E6A19F828F100B9FD88 /* Release */,
			);
			defaultConfigurationIsVisible = 0;
			defaultConfigurationName = Release;
		};
/* End XCConfigurationList section */
	};
	rootObject = 92475E5919F828F100B9FD88 /* Project object */;
}
