<?xml version="1.0" encoding="utf-8"?>
<Project ToolsVersion="4.0" xmlns="http://schemas.microsoft.com/developer/msbuild/2003">
  <ItemGroup>
    <ClCompile Include="..\src\configfile.cpp" />
    <ClCompile Include="..\src\root.cpp" />
    <ClCompile Include="..\src\console\console.cpp">
      <Filter>console</Filter>
    </ClCompile>
    <ClCompile Include="..\src\resources\resource.cpp">
      <Filter>resources</Filter>
    </ClCompile>
    <ClCompile Include="..\src\resources\resourcemanager.cpp">
      <Filter>resources</Filter>
    </ClCompile>
    <ClCompile Include="..\src\resources\image.cpp">
      <Filter>resources</Filter>
    </ClCompile>
    <ClCompile Include="..\src\resources\imagecodecmanager.cpp">
      <Filter>resources</Filter>
    </ClCompile>
    <ClCompile Include="..\src\resources\imagecodecpng.cpp">
      <Filter>resources</Filter>
    </ClCompile>
    <ClCompile Include="..\src\streams\filestream.cpp">
      <Filter>stream</Filter>
    </ClCompile>
    <ClCompile Include="..\src\streams\stream.cpp">
      <Filter>stream</Filter>
    </ClCompile>
    <ClCompile Include="..\src\utility\stringutils.cpp">
      <Filter>utility</Filter>
    </ClCompile>
    <ClCompile Include="..\src\streams\memorystream.cpp">
      <Filter>stream</Filter>
    </ClCompile>
    <ClCompile Include="..\src\streams\iostream.cpp">
      <Filter>stream</Filter>
    </ClCompile>
    <ClCompile Include="..\src\console\streamlistener.cpp">
      <Filter>console</Filter>
    </ClCompile>
    <ClCompile Include="..\src\utility\timer.cpp">
      <Filter>utility</Filter>
    </ClCompile>
    <ClCompile Include="..\src\utility\buffer.cpp">
      <Filter>utility</Filter>
    </ClCompile>
    <ClCompile Include="..\src\game.cpp">
      <Filter>game</Filter>
    </ClCompile>
    <ClCompile Include="..\src\platforms\glfwplatform.cpp">
      <Filter>platforms\glfw</Filter>
    </ClCompile>
    <ClCompile Include="..\src\resources\texturemanager.cpp">
      <Filter>resources\opengl</Filter>
    </ClCompile>
    <ClCompile Include="..\src\resources\texture.cpp">
      <Filter>resources\opengl</Filter>
    </ClCompile>
    <ClCompile Include="..\src\resources\shadermanager.cpp">
      <Filter>resources\opengl</Filter>
    </ClCompile>
    <ClCompile Include="..\src\resources\shader.cpp">
      <Filter>resources\opengl</Filter>
    </ClCompile>
    <ClCompile Include="..\src\stdafx.cpp" />
  </ItemGroup>
  <ItemGroup>
    <ClInclude Include="..\include\aeon\buildconfig.h" />
    <ClInclude Include="..\include\aeon\configfile.h" />
    <ClInclude Include="..\include\aeon\root.h" />
    <ClInclude Include="..\include\aeon\console\console.h">
      <Filter>console</Filter>
    </ClInclude>
    <ClInclude Include="..\include\aeon\console\consolelistener.h">
      <Filter>console</Filter>
    </ClInclude>
    <ClInclude Include="..\include\aeon\resources\resource.h">
      <Filter>resources</Filter>
    </ClInclude>
    <ClInclude Include="..\include\aeon\resources\resourcemanager.h">
      <Filter>resources</Filter>
    </ClInclude>
    <ClInclude Include="..\include\aeon\resources\image.h">
      <Filter>resources</Filter>
    </ClInclude>
    <ClInclude Include="..\include\aeon\resources\imagecodec.h">
      <Filter>resources</Filter>
    </ClInclude>
    <ClInclude Include="..\include\aeon\resources\ImageCodecManager.h">
      <Filter>resources</Filter>
    </ClInclude>
    <ClInclude Include="..\include\aeon\resources\imagecodecpng.h">
      <Filter>resources</Filter>
    </ClInclude>
    <ClInclude Include="..\include\aeon\streams\filestream.h">
      <Filter>stream</Filter>
    </ClInclude>
    <ClInclude Include="..\include\aeon\streams\stream.h">
      <Filter>stream</Filter>
    </ClInclude>
    <ClInclude Include="..\include\aeon\utility\stringutils.h">
      <Filter>utility</Filter>
    </ClInclude>
    <ClInclude Include="..\include\aeon\utility\singleton.h">
      <Filter>utility</Filter>
    </ClInclude>
    <ClInclude Include="..\include\aeon\streams\memorystream.h">
      <Filter>stream</Filter>
    </ClInclude>
    <ClInclude Include="..\include\aeon\streams\iostream.h">
      <Filter>stream</Filter>
    </ClInclude>
    <ClInclude Include="..\include\aeon\frameListener.h" />
    <ClInclude Include="..\include\aeon\console\streamlistener.h">
      <Filter>console</Filter>
    </ClInclude>
    <ClInclude Include="..\include\aeon\utility\timer.h">
      <Filter>utility</Filter>
    </ClInclude>
    <ClInclude Include="..\include\aeon\utility\buffer.h">
      <Filter>utility</Filter>
    </ClInclude>
    <ClInclude Include="..\include\aeon\gameState.h">
      <Filter>game</Filter>
    </ClInclude>
    <ClInclude Include="..\include\aeon\game.h">
      <Filter>game</Filter>
    </ClInclude>
    <ClInclude Include="..\include\aeon\platforms\baseplatform.h">
      <Filter>platforms</Filter>
    </ClInclude>
    <ClInclude Include="..\include\aeon\platforms\glfwplatform.h">
      <Filter>platforms\glfw</Filter>
    </ClInclude>
    <ClInclude Include="..\include\aeon\console\consolevariable.h">
      <Filter>console</Filter>
    </ClInclude>
    <ClInclude Include="..\include\aeon\resources\texturemanager.h">
      <Filter>resources\opengl</Filter>
    </ClInclude>
    <ClInclude Include="..\include\aeon\resources\texture.h">
      <Filter>resources\opengl</Filter>
    </ClInclude>
    <ClInclude Include="..\include\aeon\resources\shader.h">
      <Filter>resources\opengl</Filter>
    </ClInclude>
    <ClInclude Include="..\include\aeon\resources\shadermanager.h">
      <Filter>resources\opengl</Filter>
    </ClInclude>
    <ClInclude Include="..\include\aeon\stdafx.h" />
  </ItemGroup>
  <ItemGroup>
    <Filter Include="console">
      <UniqueIdentifier>{f9d60ba6-a5d3-4516-bc9c-4eb2694ab8ee}</UniqueIdentifier>
    </Filter>
    <Filter Include="resources">
      <UniqueIdentifier>{77693c0e-a2f8-4994-978b-80307ecaf8f3}</UniqueIdentifier>
    </Filter>
    <Filter Include="stream">
      <UniqueIdentifier>{2b6151b0-adc1-4c78-87a8-63b211e9cb24}</UniqueIdentifier>
    </Filter>
    <Filter Include="utility">
      <UniqueIdentifier>{8ad3c670-636a-4761-8f6e-3bc22148d7a8}</UniqueIdentifier>
    </Filter>
    <Filter Include="game">
      <UniqueIdentifier>{3611edd8-6604-4de4-9a33-e725c0bec4d4}</UniqueIdentifier>
    </Filter>
    <Filter Include="platforms">
      <UniqueIdentifier>{d972ef0e-de17-41af-93db-e4e4b67d6cfe}</UniqueIdentifier>
    </Filter>
    <Filter Include="platforms\glfw">
      <UniqueIdentifier>{65458f58-71f1-4688-bca8-0c76037b8fee}</UniqueIdentifier>
    </Filter>
    <Filter Include="resources\opengl">
      <UniqueIdentifier>{973f7b01-bfa4-4d5b-93e0-50c6a24568a5}</UniqueIdentifier>
    </Filter>
  </ItemGroup>
</Project>