<?xml version="1.0" encoding="utf-8"?>
<Project ToolsVersion="4.0" xmlns="http://schemas.microsoft.com/developer/msbuild/2003">
  <ItemGroup>
    <ClInclude Include="..\src\framelistener.h" />
    <ClInclude Include="..\src\root.h" />
    <ClInclude Include="..\src\stdafx.h" />
    <ClInclude Include="..\src\buildconfig.h" />
    <ClInclude Include="..\src\console.h">
      <Filter>console</Filter>
    </ClInclude>
    <ClInclude Include="..\src\consolelistener.h">
      <Filter>console</Filter>
    </ClInclude>
    <ClInclude Include="..\src\streamlistener.h">
      <Filter>console</Filter>
    </ClInclude>
    <ClInclude Include="..\src\game.h">
      <Filter>gamebase</Filter>
    </ClInclude>
    <ClInclude Include="..\src\gamestate.h">
      <Filter>gamebase</Filter>
    </ClInclude>
    <ClInclude Include="..\src\glfwplatform.h">
      <Filter>platforms</Filter>
    </ClInclude>
    <ClInclude Include="..\src\baseplatform.h">
      <Filter>platforms</Filter>
    </ClInclude>
    <ClInclude Include="..\src\image.h">
      <Filter>resources</Filter>
    </ClInclude>
    <ClInclude Include="..\src\imagecodec.h">
      <Filter>resources</Filter>
    </ClInclude>
    <ClInclude Include="..\src\imagecodecmanager.h">
      <Filter>resources</Filter>
    </ClInclude>
    <ClInclude Include="..\src\imagecodecpng.h">
      <Filter>resources</Filter>
    </ClInclude>
    <ClInclude Include="..\src\resource.h">
      <Filter>resources</Filter>
    </ClInclude>
    <ClInclude Include="..\src\resourcemanager.h">
      <Filter>resources</Filter>
    </ClInclude>
    <ClInclude Include="..\src\shader.h">
      <Filter>resources</Filter>
    </ClInclude>
    <ClInclude Include="..\src\shadermanager.h">
      <Filter>resources</Filter>
    </ClInclude>
    <ClInclude Include="..\src\texture.h">
      <Filter>resources</Filter>
    </ClInclude>
    <ClInclude Include="..\src\texturemanager.h">
      <Filter>resources</Filter>
    </ClInclude>
    <ClInclude Include="..\src\filestream.h">
      <Filter>streams</Filter>
    </ClInclude>
    <ClInclude Include="..\src\iostream.h">
      <Filter>streams</Filter>
    </ClInclude>
    <ClInclude Include="..\src\memorystream.h">
      <Filter>streams</Filter>
    </ClInclude>
    <ClInclude Include="..\src\stream.h">
      <Filter>streams</Filter>
    </ClInclude>
    <ClInclude Include="..\src\buffer.h">
      <Filter>utility</Filter>
    </ClInclude>
    <ClInclude Include="..\src\configfile.h">
      <Filter>utility</Filter>
    </ClInclude>
    <ClInclude Include="..\src\singleton.h">
      <Filter>utility</Filter>
    </ClInclude>
    <ClInclude Include="..\src\stringutils.h">
      <Filter>utility</Filter>
    </ClInclude>
    <ClInclude Include="..\src\timer.h">
      <Filter>utility</Filter>
    </ClInclude>
    <ClInclude Include="..\src\application.h" />
    <ClInclude Include="..\src\rpggame.h">
      <Filter>rpggame</Filter>
    </ClInclude>
    <ClInclude Include="..\src\gamestate_game.h">
      <Filter>rpggame\gamestates</Filter>
    </ClInclude>
  </ItemGroup>
  <ItemGroup>
    <ClCompile Include="..\src\main.cpp" />
    <ClCompile Include="..\src\root.cpp" />
    <ClCompile Include="..\src\stdafx.cpp" />
    <ClCompile Include="..\src\streamlistener.cpp">
      <Filter>console</Filter>
    </ClCompile>
    <ClCompile Include="..\src\console.cpp">
      <Filter>console</Filter>
    </ClCompile>
    <ClCompile Include="..\src\game.cpp">
      <Filter>gamebase</Filter>
    </ClCompile>
    <ClCompile Include="..\src\glfwplatform.cpp">
      <Filter>platforms</Filter>
    </ClCompile>
    <ClCompile Include="..\src\imagecodecmanager.cpp">
      <Filter>resources</Filter>
    </ClCompile>
    <ClCompile Include="..\src\imagecodecpng.cpp">
      <Filter>resources</Filter>
    </ClCompile>
    <ClCompile Include="..\src\resource.cpp">
      <Filter>resources</Filter>
    </ClCompile>
    <ClCompile Include="..\src\resourcemanager.cpp">
      <Filter>resources</Filter>
    </ClCompile>
    <ClCompile Include="..\src\shader.cpp">
      <Filter>resources</Filter>
    </ClCompile>
    <ClCompile Include="..\src\shadermanager.cpp">
      <Filter>resources</Filter>
    </ClCompile>
    <ClCompile Include="..\src\texture.cpp">
      <Filter>resources</Filter>
    </ClCompile>
    <ClCompile Include="..\src\texturemanager.cpp">
      <Filter>resources</Filter>
    </ClCompile>
    <ClCompile Include="..\src\image.cpp">
      <Filter>resources</Filter>
    </ClCompile>
    <ClCompile Include="..\src\filestream.cpp">
      <Filter>streams</Filter>
    </ClCompile>
    <ClCompile Include="..\src\iostream.cpp">
      <Filter>streams</Filter>
    </ClCompile>
    <ClCompile Include="..\src\memorystream.cpp">
      <Filter>streams</Filter>
    </ClCompile>
    <ClCompile Include="..\src\stream.cpp">
      <Filter>streams</Filter>
    </ClCompile>
    <ClCompile Include="..\src\configfile.cpp">
      <Filter>utility</Filter>
    </ClCompile>
    <ClCompile Include="..\src\stringutils.cpp">
      <Filter>utility</Filter>
    </ClCompile>
    <ClCompile Include="..\src\timer.cpp">
      <Filter>utility</Filter>
    </ClCompile>
    <ClCompile Include="..\src\buffer.cpp">
      <Filter>utility</Filter>
    </ClCompile>
    <ClCompile Include="..\src\application.cpp" />
    <ClCompile Include="..\src\rpggame.cpp">
      <Filter>rpggame</Filter>
    </ClCompile>
    <ClCompile Include="..\src\gamestate_game.cpp">
      <Filter>rpggame\gamestates</Filter>
    </ClCompile>
  </ItemGroup>
  <ItemGroup>
    <Filter Include="console">
      <UniqueIdentifier>{7eea423b-0390-40e2-ab9c-4fc7841189d7}</UniqueIdentifier>
    </Filter>
    <Filter Include="platforms">
      <UniqueIdentifier>{0957e4d0-1323-4d9c-aefd-c278820ac21b}</UniqueIdentifier>
    </Filter>
    <Filter Include="resources">
      <UniqueIdentifier>{a06480c0-c3a3-4160-9719-2ba1382ede9c}</UniqueIdentifier>
    </Filter>
    <Filter Include="streams">
      <UniqueIdentifier>{315c47fe-f810-4bd4-878c-df9bb9879fe3}</UniqueIdentifier>
    </Filter>
    <Filter Include="utility">
      <UniqueIdentifier>{aba17997-e356-464a-8898-6503a7f108cb}</UniqueIdentifier>
    </Filter>
    <Filter Include="gamebase">
      <UniqueIdentifier>{8221c7cb-cd5b-48a6-b5e3-8eb6e42be202}</UniqueIdentifier>
    </Filter>
    <Filter Include="rpggame">
      <UniqueIdentifier>{bea7d569-c721-49fb-a002-bd0b40fc193d}</UniqueIdentifier>
    </Filter>
    <Filter Include="rpggame\gamestates">
      <UniqueIdentifier>{e482431e-f235-4dd8-af2e-e8f584f8dbda}</UniqueIdentifier>
    </Filter>
  </ItemGroup>
</Project>