
Microsoft Visual Studio Solution File, Format Version 12.00
# Visual Studio 2013
VisualStudioVersion = 12.0.21005.1
MinimumVisualStudioVersion = 10.0.40219.1
Project("{8BC9CEB8-8B4A-11D0-8D11-00A0C91BC942}") = "AeonEngine", "aeon_engine.vcxproj", "{84B85853-F180-4866-86AE-9B60E98DE42F}"
EndProject
Global
	GlobalSection(SolutionConfigurationPlatforms) = preSolution
		Debug|Win32 = Debug|Win32
		Release|Win32 = Release|Win32
	EndGlobalSection
	GlobalSection(ProjectConfigurationPlatforms) = postSolution
		{84B85853-F180-4866-86AE-9B60E98DE42F}.Debug|Win32.ActiveCfg = Debug|Win32
		{84B85853-F180-4866-86AE-9B60E98DE42F}.Debug|Win32.Build.0 = Debug|Win32
		{84B85853-F180-4866-86AE-9B60E98DE42F}.Release|Win32.ActiveCfg = Release|Win32
		{84B85853-F180-4866-86AE-9B60E98DE42F}.Release|Win32.Build.0 = Release|Win32
	EndGlobalSection
	GlobalSection(SolutionProperties) = preSolution
		HideSolutionNode = FALSE
	EndGlobalSection
EndGlobal
